// !$*UTF8*$!
{
	archiveVersion = 1;
	classes = {
	};
	objectVersion = 48;
	objects = {

/* Begin PBXBuildFile section */
		7AE5A89F1FF6B78400104C2A /* CardSetOverviewDetailScene.swift in Sources */ = {isa = PBXBuildFile; fileRef = 7AE5A89E1FF6B78400104C2A /* CardSetOverviewDetailScene.swift */; };
		A905F5521FF440A70017B06F /* CardSets.swift in Sources */ = {isa = PBXBuildFile; fileRef = A905F5511FF440A70017B06F /* CardSets.swift */; };
		A905F55B1FF50C870017B06F /* GameSettingsScene.sks in Resources */ = {isa = PBXBuildFile; fileRef = A905F55A1FF50C870017B06F /* GameSettingsScene.sks */; };
		A905F55D1FF50C9D0017B06F /* GameSettingsScene.swift in Sources */ = {isa = PBXBuildFile; fileRef = A905F55C1FF50C9D0017B06F /* GameSettingsScene.swift */; };
		A932C2FB1FFDBE0E0066B7D9 /* CardDelegate.swift in Sources */ = {isa = PBXBuildFile; fileRef = A932C2FA1FFDBE0E0066B7D9 /* CardDelegate.swift */; };
		A96591D91FFB9E44001116E7 /* CardCompareNode.swift in Sources */ = {isa = PBXBuildFile; fileRef = A96591D81FFB9E44001116E7 /* CardCompareNode.swift */; };
		A96591DD1FFC19A2001116E7 /* GroupActionNode.swift in Sources */ = {isa = PBXBuildFile; fileRef = A96591DC1FFC19A2001116E7 /* GroupActionNode.swift */; };
		A96591E11FFC40F3001116E7 /* Game.swift in Sources */ = {isa = PBXBuildFile; fileRef = A96591E01FFC40F3001116E7 /* Game.swift */; };
		A96B65951FFD0E91002D7D18 /* CardNode.swift in Sources */ = {isa = PBXBuildFile; fileRef = A96B65941FFD0E91002D7D18 /* CardNode.swift */; };
		A96B65971FFD1D15002D7D18 /* GamePointsNode.swift in Sources */ = {isa = PBXBuildFile; fileRef = A96B65961FFD1D15002D7D18 /* GamePointsNode.swift */; };
		A96B659C1FFD1E78002D7D18 /* Constants.swift in Sources */ = {isa = PBXBuildFile; fileRef = A96B659B1FFD1E78002D7D18 /* Constants.swift */; };
		A9AB70081FF27EE0009A4695 /* AppDelegate.swift in Sources */ = {isa = PBXBuildFile; fileRef = A9AB70071FF27EE0009A4695 /* AppDelegate.swift */; };
		A9AB700A1FF27EE0009A4695 /* GameScene.sks in Resources */ = {isa = PBXBuildFile; fileRef = A9AB70091FF27EE0009A4695 /* GameScene.sks */; };
		A9AB700C1FF27EE0009A4695 /* Actions.sks in Resources */ = {isa = PBXBuildFile; fileRef = A9AB700B1FF27EE0009A4695 /* Actions.sks */; };
		A9AB700E1FF27EE0009A4695 /* GameScene.swift in Sources */ = {isa = PBXBuildFile; fileRef = A9AB700D1FF27EE0009A4695 /* GameScene.swift */; };
		A9AB70101FF27EE0009A4695 /* GameViewController.swift in Sources */ = {isa = PBXBuildFile; fileRef = A9AB700F1FF27EE0009A4695 /* GameViewController.swift */; };
		A9AB70131FF27EE0009A4695 /* Main.storyboard in Resources */ = {isa = PBXBuildFile; fileRef = A9AB70111FF27EE0009A4695 /* Main.storyboard */; };
		A9AB70151FF27EE0009A4695 /* Assets.xcassets in Resources */ = {isa = PBXBuildFile; fileRef = A9AB70141FF27EE0009A4695 /* Assets.xcassets */; };
		A9AB70181FF27EE0009A4695 /* LaunchScreen.storyboard in Resources */ = {isa = PBXBuildFile; fileRef = A9AB70161FF27EE0009A4695 /* LaunchScreen.storyboard */; };
		A9AB70231FF27EE0009A4695 /* QuartettTests.swift in Sources */ = {isa = PBXBuildFile; fileRef = A9AB70221FF27EE0009A4695 /* QuartettTests.swift */; };
		A9AB702E1FF27EE0009A4695 /* QuartettUITests.swift in Sources */ = {isa = PBXBuildFile; fileRef = A9AB702D1FF27EE0009A4695 /* QuartettUITests.swift */; };
		A9AB703C1FF27F10009A4695 /* MainMenuScene.swift in Sources */ = {isa = PBXBuildFile; fileRef = A9AB703B1FF27F10009A4695 /* MainMenuScene.swift */; };
		A9AB703E1FF27F50009A4695 /* MainMenuScene.sks in Resources */ = {isa = PBXBuildFile; fileRef = A9AB703D1FF27F50009A4695 /* MainMenuScene.sks */; };
		A9AB70401FF28060009A4695 /* Value.swift in Sources */ = {isa = PBXBuildFile; fileRef = A9AB703F1FF28060009A4695 /* Value.swift */; };
		A9AB70421FF28084009A4695 /* Card.swift in Sources */ = {isa = PBXBuildFile; fileRef = A9AB70411FF28084009A4695 /* Card.swift */; };
		A9AB70441FF280DE009A4695 /* Image.swift in Sources */ = {isa = PBXBuildFile; fileRef = A9AB70431FF280DE009A4695 /* Image.swift */; };
		A9AB70461FF280FD009A4695 /* CardSet.swift in Sources */ = {isa = PBXBuildFile; fileRef = A9AB70451FF280FD009A4695 /* CardSet.swift */; };
		A9AB70481FF28188009A4695 /* Property.swift in Sources */ = {isa = PBXBuildFile; fileRef = A9AB70471FF28188009A4695 /* Property.swift */; };
		A9AB704A1FF28199009A4695 /* Description.swift in Sources */ = {isa = PBXBuildFile; fileRef = A9AB70491FF28199009A4695 /* Description.swift */; };
		A9AB704C1FF281B2009A4695 /* GameSettings.swift in Sources */ = {isa = PBXBuildFile; fileRef = A9AB704B1FF281B2009A4695 /* GameSettings.swift */; };
		A9AB704E1FF281C7009A4695 /* Rounds.swift in Sources */ = {isa = PBXBuildFile; fileRef = A9AB704D1FF281C7009A4695 /* Rounds.swift */; };
		A9AB70501FF281DA009A4695 /* Result.swift in Sources */ = {isa = PBXBuildFile; fileRef = A9AB704F1FF281DA009A4695 /* Result.swift */; };
		A9AB70561FF2822E009A4695 /* tuning.json in Resources */ = {isa = PBXBuildFile; fileRef = A9AB70551FF2822E009A4695 /* tuning.json */; };
		A9AB705B1FF28EA8009A4695 /* ActionNode.swift in Sources */ = {isa = PBXBuildFile; fileRef = A9AB705A1FF28EA8009A4695 /* ActionNode.swift */; };
		A9AB705D1FF299B6009A4695 /* SpriteKit-Spring.swift in Sources */ = {isa = PBXBuildFile; fileRef = A9AB705C1FF299B6009A4695 /* SpriteKit-Spring.swift */; };
		A9AB705F1FF2BC07009A4695 /* CardSetOverviewScene.swift in Sources */ = {isa = PBXBuildFile; fileRef = A9AB705E1FF2BC07009A4695 /* CardSetOverviewScene.swift */; };
		A9AB70611FF2BC73009A4695 /* CardSetOverviewScene.sks in Resources */ = {isa = PBXBuildFile; fileRef = A9AB70601FF2BC73009A4695 /* CardSetOverviewScene.sks */; };
		A9AB70631FF2BEB4009A4695 /* bikes.json in Resources */ = {isa = PBXBuildFile; fileRef = A9AB70621FF2BEB4009A4695 /* bikes.json */; };
		A9AB70671FF2C160009A4695 /* CardSetOverviewDetailScene.sks in Resources */ = {isa = PBXBuildFile; fileRef = A9AB70661FF2C160009A4695 /* CardSetOverviewDetailScene.sks */; };
		A9EE91131FF698CF00057B07 /* Player.swift in Sources */ = {isa = PBXBuildFile; fileRef = A9EE91121FF698CF00057B07 /* Player.swift */; };
		A9EE91151FF6992200057B07 /* AI.swift in Sources */ = {isa = PBXBuildFile; fileRef = A9EE91141FF6992200057B07 /* AI.swift */; };
		A9EE91171FF69B3D00057B07 /* Statistics.swift in Sources */ = {isa = PBXBuildFile; fileRef = A9EE91161FF69B3D00057B07 /* Statistics.swift */; };
		A9EE91191FF69B6300057B07 /* Statistic.swift in Sources */ = {isa = PBXBuildFile; fileRef = A9EE91181FF69B6300057B07 /* Statistic.swift */; };
/* End PBXBuildFile section */

/* Begin PBXContainerItemProxy section */
		A9AB701F1FF27EE0009A4695 /* PBXContainerItemProxy */ = {
			isa = PBXContainerItemProxy;
			containerPortal = A9AB6FFC1FF27EDF009A4695 /* Project object */;
			proxyType = 1;
			remoteGlobalIDString = A9AB70031FF27EE0009A4695;
			remoteInfo = Quartett;
		};
		A9AB702A1FF27EE0009A4695 /* PBXContainerItemProxy */ = {
			isa = PBXContainerItemProxy;
			containerPortal = A9AB6FFC1FF27EDF009A4695 /* Project object */;
			proxyType = 1;
			remoteGlobalIDString = A9AB70031FF27EE0009A4695;
			remoteInfo = Quartett;
		};
/* End PBXContainerItemProxy section */

/* Begin PBXFileReference section */
		7AE5A89E1FF6B78400104C2A /* CardSetOverviewDetailScene.swift */ = {isa = PBXFileReference; lastKnownFileType = sourcecode.swift; path = CardSetOverviewDetailScene.swift; sourceTree = "<group>"; };
		A905F5511FF440A70017B06F /* CardSets.swift */ = {isa = PBXFileReference; lastKnownFileType = sourcecode.swift; path = CardSets.swift; sourceTree = "<group>"; };
		A905F55A1FF50C870017B06F /* GameSettingsScene.sks */ = {isa = PBXFileReference; lastKnownFileType = file.sks; path = GameSettingsScene.sks; sourceTree = "<group>"; };
		A905F55C1FF50C9D0017B06F /* GameSettingsScene.swift */ = {isa = PBXFileReference; lastKnownFileType = sourcecode.swift; path = GameSettingsScene.swift; sourceTree = "<group>"; };
		A932C2FA1FFDBE0E0066B7D9 /* CardDelegate.swift */ = {isa = PBXFileReference; lastKnownFileType = sourcecode.swift; path = CardDelegate.swift; sourceTree = "<group>"; };
		A96591D81FFB9E44001116E7 /* CardCompareNode.swift */ = {isa = PBXFileReference; lastKnownFileType = sourcecode.swift; path = CardCompareNode.swift; sourceTree = "<group>"; };
		A96591DC1FFC19A2001116E7 /* GroupActionNode.swift */ = {isa = PBXFileReference; lastKnownFileType = sourcecode.swift; path = GroupActionNode.swift; sourceTree = "<group>"; };
		A96591E01FFC40F3001116E7 /* Game.swift */ = {isa = PBXFileReference; lastKnownFileType = sourcecode.swift; path = Game.swift; sourceTree = "<group>"; };
		A96B65941FFD0E91002D7D18 /* CardNode.swift */ = {isa = PBXFileReference; lastKnownFileType = sourcecode.swift; path = CardNode.swift; sourceTree = "<group>"; };
		A96B65961FFD1D15002D7D18 /* GamePointsNode.swift */ = {isa = PBXFileReference; lastKnownFileType = sourcecode.swift; path = GamePointsNode.swift; sourceTree = "<group>"; };
		A96B659B1FFD1E78002D7D18 /* Constants.swift */ = {isa = PBXFileReference; lastKnownFileType = sourcecode.swift; path = Constants.swift; sourceTree = "<group>"; };
		A9AB70041FF27EE0009A4695 /* Quartett.app */ = {isa = PBXFileReference; explicitFileType = wrapper.application; includeInIndex = 0; path = Quartett.app; sourceTree = BUILT_PRODUCTS_DIR; };
		A9AB70071FF27EE0009A4695 /* AppDelegate.swift */ = {isa = PBXFileReference; lastKnownFileType = sourcecode.swift; path = AppDelegate.swift; sourceTree = "<group>"; };
		A9AB70091FF27EE0009A4695 /* GameScene.sks */ = {isa = PBXFileReference; lastKnownFileType = file.sks; path = GameScene.sks; sourceTree = "<group>"; };
		A9AB700B1FF27EE0009A4695 /* Actions.sks */ = {isa = PBXFileReference; lastKnownFileType = file.sks; path = Actions.sks; sourceTree = "<group>"; };
		A9AB700D1FF27EE0009A4695 /* GameScene.swift */ = {isa = PBXFileReference; lastKnownFileType = sourcecode.swift; path = GameScene.swift; sourceTree = "<group>"; };
		A9AB700F1FF27EE0009A4695 /* GameViewController.swift */ = {isa = PBXFileReference; lastKnownFileType = sourcecode.swift; path = GameViewController.swift; sourceTree = "<group>"; };
		A9AB70121FF27EE0009A4695 /* Base */ = {isa = PBXFileReference; lastKnownFileType = file.storyboard; name = Base; path = Base.lproj/Main.storyboard; sourceTree = "<group>"; };
		A9AB70141FF27EE0009A4695 /* Assets.xcassets */ = {isa = PBXFileReference; lastKnownFileType = folder.assetcatalog; path = Assets.xcassets; sourceTree = "<group>"; };
		A9AB70171FF27EE0009A4695 /* Base */ = {isa = PBXFileReference; lastKnownFileType = file.storyboard; name = Base; path = Base.lproj/LaunchScreen.storyboard; sourceTree = "<group>"; };
		A9AB70191FF27EE0009A4695 /* Info.plist */ = {isa = PBXFileReference; lastKnownFileType = text.plist.xml; path = Info.plist; sourceTree = "<group>"; };
		A9AB701E1FF27EE0009A4695 /* QuartettTests.xctest */ = {isa = PBXFileReference; explicitFileType = wrapper.cfbundle; includeInIndex = 0; path = QuartettTests.xctest; sourceTree = BUILT_PRODUCTS_DIR; };
		A9AB70221FF27EE0009A4695 /* QuartettTests.swift */ = {isa = PBXFileReference; lastKnownFileType = sourcecode.swift; path = QuartettTests.swift; sourceTree = "<group>"; };
		A9AB70241FF27EE0009A4695 /* Info.plist */ = {isa = PBXFileReference; lastKnownFileType = text.plist.xml; path = Info.plist; sourceTree = "<group>"; };
		A9AB70291FF27EE0009A4695 /* QuartettUITests.xctest */ = {isa = PBXFileReference; explicitFileType = wrapper.cfbundle; includeInIndex = 0; path = QuartettUITests.xctest; sourceTree = BUILT_PRODUCTS_DIR; };
		A9AB702D1FF27EE0009A4695 /* QuartettUITests.swift */ = {isa = PBXFileReference; lastKnownFileType = sourcecode.swift; path = QuartettUITests.swift; sourceTree = "<group>"; };
		A9AB702F1FF27EE0009A4695 /* Info.plist */ = {isa = PBXFileReference; lastKnownFileType = text.plist.xml; path = Info.plist; sourceTree = "<group>"; };
		A9AB703B1FF27F10009A4695 /* MainMenuScene.swift */ = {isa = PBXFileReference; lastKnownFileType = sourcecode.swift; path = MainMenuScene.swift; sourceTree = "<group>"; };
		A9AB703D1FF27F50009A4695 /* MainMenuScene.sks */ = {isa = PBXFileReference; lastKnownFileType = file.sks; path = MainMenuScene.sks; sourceTree = "<group>"; };
		A9AB703F1FF28060009A4695 /* Value.swift */ = {isa = PBXFileReference; lastKnownFileType = sourcecode.swift; path = Value.swift; sourceTree = "<group>"; };
		A9AB70411FF28084009A4695 /* Card.swift */ = {isa = PBXFileReference; lastKnownFileType = sourcecode.swift; path = Card.swift; sourceTree = "<group>"; };
		A9AB70431FF280DE009A4695 /* Image.swift */ = {isa = PBXFileReference; lastKnownFileType = sourcecode.swift; path = Image.swift; sourceTree = "<group>"; };
		A9AB70451FF280FD009A4695 /* CardSet.swift */ = {isa = PBXFileReference; lastKnownFileType = sourcecode.swift; path = CardSet.swift; sourceTree = "<group>"; };
		A9AB70471FF28188009A4695 /* Property.swift */ = {isa = PBXFileReference; lastKnownFileType = sourcecode.swift; path = Property.swift; sourceTree = "<group>"; };
		A9AB70491FF28199009A4695 /* Description.swift */ = {isa = PBXFileReference; lastKnownFileType = sourcecode.swift; path = Description.swift; sourceTree = "<group>"; };
		A9AB704B1FF281B2009A4695 /* GameSettings.swift */ = {isa = PBXFileReference; lastKnownFileType = sourcecode.swift; path = GameSettings.swift; sourceTree = "<group>"; };
		A9AB704D1FF281C7009A4695 /* Rounds.swift */ = {isa = PBXFileReference; lastKnownFileType = sourcecode.swift; path = Rounds.swift; sourceTree = "<group>"; };
		A9AB704F1FF281DA009A4695 /* Result.swift */ = {isa = PBXFileReference; lastKnownFileType = sourcecode.swift; path = Result.swift; sourceTree = "<group>"; };
		A9AB70551FF2822E009A4695 /* tuning.json */ = {isa = PBXFileReference; fileEncoding = 4; lastKnownFileType = text.json; path = tuning.json; sourceTree = "<group>"; };
		A9AB705A1FF28EA8009A4695 /* ActionNode.swift */ = {isa = PBXFileReference; lastKnownFileType = sourcecode.swift; path = ActionNode.swift; sourceTree = "<group>"; };
		A9AB705C1FF299B6009A4695 /* SpriteKit-Spring.swift */ = {isa = PBXFileReference; lastKnownFileType = sourcecode.swift; path = "SpriteKit-Spring.swift"; sourceTree = "<group>"; };
		A9AB705E1FF2BC07009A4695 /* CardSetOverviewScene.swift */ = {isa = PBXFileReference; lastKnownFileType = sourcecode.swift; path = CardSetOverviewScene.swift; sourceTree = "<group>"; };
		A9AB70601FF2BC73009A4695 /* CardSetOverviewScene.sks */ = {isa = PBXFileReference; lastKnownFileType = file.sks; path = CardSetOverviewScene.sks; sourceTree = "<group>"; };
		A9AB70621FF2BEB4009A4695 /* bikes.json */ = {isa = PBXFileReference; fileEncoding = 4; lastKnownFileType = text.json; path = bikes.json; sourceTree = "<group>"; };
		A9AB70661FF2C160009A4695 /* CardSetOverviewDetailScene.sks */ = {isa = PBXFileReference; lastKnownFileType = file.sks; path = CardSetOverviewDetailScene.sks; sourceTree = "<group>"; };
		A9EE91121FF698CF00057B07 /* Player.swift */ = {isa = PBXFileReference; lastKnownFileType = sourcecode.swift; path = Player.swift; sourceTree = "<group>"; };
		A9EE91141FF6992200057B07 /* AI.swift */ = {isa = PBXFileReference; lastKnownFileType = sourcecode.swift; path = AI.swift; sourceTree = "<group>"; };
		A9EE91161FF69B3D00057B07 /* Statistics.swift */ = {isa = PBXFileReference; lastKnownFileType = sourcecode.swift; path = Statistics.swift; sourceTree = "<group>"; };
		A9EE91181FF69B6300057B07 /* Statistic.swift */ = {isa = PBXFileReference; lastKnownFileType = sourcecode.swift; path = Statistic.swift; sourceTree = "<group>"; };
/* End PBXFileReference section */

/* Begin PBXFrameworksBuildPhase section */
		A9AB70011FF27EE0009A4695 /* Frameworks */ = {
			isa = PBXFrameworksBuildPhase;
			buildActionMask = 2147483647;
			files = (
			);
			runOnlyForDeploymentPostprocessing = 0;
		};
		A9AB701B1FF27EE0009A4695 /* Frameworks */ = {
			isa = PBXFrameworksBuildPhase;
			buildActionMask = 2147483647;
			files = (
			);
			runOnlyForDeploymentPostprocessing = 0;
		};
		A9AB70261FF27EE0009A4695 /* Frameworks */ = {
			isa = PBXFrameworksBuildPhase;
			buildActionMask = 2147483647;
			files = (
			);
			runOnlyForDeploymentPostprocessing = 0;
		};
/* End PBXFrameworksBuildPhase section */

/* Begin PBXGroup section */
		A932C2F91FFDBDFE0066B7D9 /* delegates */ = {
			isa = PBXGroup;
			children = (
				A932C2FA1FFDBE0E0066B7D9 /* CardDelegate.swift */,
			);
			name = delegates;
			sourceTree = "<group>";
		};
		A96591DE1FFC1B62001116E7 /* utils */ = {
			isa = PBXGroup;
			children = (
				A9AB705C1FF299B6009A4695 /* SpriteKit-Spring.swift */,
			);
			name = utils;
			sourceTree = "<group>";
		};
		A96591DF1FFC34C4001116E7 /* core */ = {
			isa = PBXGroup;
			children = (
			);
			name = core;
			sourceTree = "<group>";
		};
		A96B65981FFD1D88002D7D18 /* uiNodes */ = {
			isa = PBXGroup;
			children = (
				A9AB705A1FF28EA8009A4695 /* ActionNode.swift */,
				A96591D81FFB9E44001116E7 /* CardCompareNode.swift */,
				A96591DC1FFC19A2001116E7 /* GroupActionNode.swift */,
				A96B65941FFD0E91002D7D18 /* CardNode.swift */,
				A96B65961FFD1D15002D7D18 /* GamePointsNode.swift */,
			);
			name = uiNodes;
			sourceTree = "<group>";
		};
		A9AB6FFB1FF27EDF009A4695 = {
			isa = PBXGroup;
			children = (
				A9AB70061FF27EE0009A4695 /* Quartett */,
				A9AB70211FF27EE0009A4695 /* QuartettTests */,
				A9AB702C1FF27EE0009A4695 /* QuartettUITests */,
				A9AB70051FF27EE0009A4695 /* Products */,
			);
			sourceTree = "<group>";
		};
		A9AB70051FF27EE0009A4695 /* Products */ = {
			isa = PBXGroup;
			children = (
				A9AB70041FF27EE0009A4695 /* Quartett.app */,
				A9AB701E1FF27EE0009A4695 /* QuartettTests.xctest */,
				A9AB70291FF27EE0009A4695 /* QuartettUITests.xctest */,
			);
			name = Products;
			sourceTree = "<group>";
		};
		A9AB70061FF27EE0009A4695 /* Quartett */ = {
			isa = PBXGroup;
			children = (
				A932C2F91FFDBDFE0066B7D9 /* delegates */,
				A96591DF1FFC34C4001116E7 /* core */,
				A96591DE1FFC1B62001116E7 /* utils */,
				A9AB70071FF27EE0009A4695 /* AppDelegate.swift */,
				A9AB700B1FF27EE0009A4695 /* Actions.sks */,
				A9AB700F1FF27EE0009A4695 /* GameViewController.swift */,
				A96B659B1FFD1E78002D7D18 /* Constants.swift */,
				A9AB70141FF27EE0009A4695 /* Assets.xcassets */,
				A9AB70191FF27EE0009A4695 /* Info.plist */,
				A96B65981FFD1D88002D7D18 /* uiNodes */,
				A9AB70591FF2825A009A4695 /* ui */,
				A9AB70571FF28236009A4695 /* scene */,
				A9AB70541FF2821D009A4695 /* data */,
				A9AB70511FF281EB009A4695 /* model */,
			);
			path = Quartett;
			sourceTree = "<group>";
		};
		A9AB70211FF27EE0009A4695 /* QuartettTests */ = {
			isa = PBXGroup;
			children = (
				A9AB70221FF27EE0009A4695 /* QuartettTests.swift */,
				A9AB70241FF27EE0009A4695 /* Info.plist */,
			);
			path = QuartettTests;
			sourceTree = "<group>";
		};
		A9AB702C1FF27EE0009A4695 /* QuartettUITests */ = {
			isa = PBXGroup;
			children = (
				A9AB702D1FF27EE0009A4695 /* QuartettUITests.swift */,
				A9AB702F1FF27EE0009A4695 /* Info.plist */,
			);
			path = QuartettUITests;
			sourceTree = "<group>";
		};
		A9AB70511FF281EB009A4695 /* model */ = {
			isa = PBXGroup;
			children = (
				A9AB703F1FF28060009A4695 /* Value.swift */,
				A9AB70411FF28084009A4695 /* Card.swift */,
				A9AB70431FF280DE009A4695 /* Image.swift */,
				A9AB70451FF280FD009A4695 /* CardSet.swift */,
				A9AB70471FF28188009A4695 /* Property.swift */,
				A9AB70491FF28199009A4695 /* Description.swift */,
				A9AB704B1FF281B2009A4695 /* GameSettings.swift */,
				A9AB704D1FF281C7009A4695 /* Rounds.swift */,
				A9AB704F1FF281DA009A4695 /* Result.swift */,
				A905F5511FF440A70017B06F /* CardSets.swift */,
				A9EE91121FF698CF00057B07 /* Player.swift */,
				A9EE91141FF6992200057B07 /* AI.swift */,
				A9EE91161FF69B3D00057B07 /* Statistics.swift */,
				A9EE91181FF69B6300057B07 /* Statistic.swift */,
				A96591E01FFC40F3001116E7 /* Game.swift */,
			);
			name = model;
			sourceTree = "<group>";
		};
		A9AB70541FF2821D009A4695 /* data */ = {
			isa = PBXGroup;
			children = (
				A9AB70621FF2BEB4009A4695 /* bikes.json */,
				A9AB70551FF2822E009A4695 /* tuning.json */,
			);
			name = data;
			sourceTree = "<group>";
		};
		A9AB70571FF28236009A4695 /* scene */ = {
			isa = PBXGroup;
			children = (
				A9AB703D1FF27F50009A4695 /* MainMenuScene.sks */,
				A9AB70091FF27EE0009A4695 /* GameScene.sks */,
				A9AB70601FF2BC73009A4695 /* CardSetOverviewScene.sks */,
				A9AB70661FF2C160009A4695 /* CardSetOverviewDetailScene.sks */,
				A905F55A1FF50C870017B06F /* GameSettingsScene.sks */,
				A9AB700D1FF27EE0009A4695 /* GameScene.swift */,
				A9AB703B1FF27F10009A4695 /* MainMenuScene.swift */,
				7AE5A89E1FF6B78400104C2A /* CardSetOverviewDetailScene.swift */,
				A9AB705E1FF2BC07009A4695 /* CardSetOverviewScene.swift */,
				A905F55C1FF50C9D0017B06F /* GameSettingsScene.swift */,
			);
			name = scene;
			sourceTree = "<group>";
		};
		A9AB70591FF2825A009A4695 /* ui */ = {
			isa = PBXGroup;
			children = (
				A9AB70111FF27EE0009A4695 /* Main.storyboard */,
				A9AB70161FF27EE0009A4695 /* LaunchScreen.storyboard */,
			);
			name = ui;
			sourceTree = "<group>";
		};
/* End PBXGroup section */

/* Begin PBXNativeTarget section */
		A9AB70031FF27EE0009A4695 /* Quartett */ = {
			isa = PBXNativeTarget;
			buildConfigurationList = A9AB70321FF27EE0009A4695 /* Build configuration list for PBXNativeTarget "Quartett" */;
			buildPhases = (
				A9AB70001FF27EE0009A4695 /* Sources */,
				A9AB70011FF27EE0009A4695 /* Frameworks */,
				A9AB70021FF27EE0009A4695 /* Resources */,
			);
			buildRules = (
			);
			dependencies = (
			);
			name = Quartett;
			productName = Quartett;
			productReference = A9AB70041FF27EE0009A4695 /* Quartett.app */;
			productType = "com.apple.product-type.application";
		};
		A9AB701D1FF27EE0009A4695 /* QuartettTests */ = {
			isa = PBXNativeTarget;
			buildConfigurationList = A9AB70351FF27EE0009A4695 /* Build configuration list for PBXNativeTarget "QuartettTests" */;
			buildPhases = (
				A9AB701A1FF27EE0009A4695 /* Sources */,
				A9AB701B1FF27EE0009A4695 /* Frameworks */,
				A9AB701C1FF27EE0009A4695 /* Resources */,
			);
			buildRules = (
			);
			dependencies = (
				A9AB70201FF27EE0009A4695 /* PBXTargetDependency */,
			);
			name = QuartettTests;
			productName = QuartettTests;
			productReference = A9AB701E1FF27EE0009A4695 /* QuartettTests.xctest */;
			productType = "com.apple.product-type.bundle.unit-test";
		};
		A9AB70281FF27EE0009A4695 /* QuartettUITests */ = {
			isa = PBXNativeTarget;
			buildConfigurationList = A9AB70381FF27EE0009A4695 /* Build configuration list for PBXNativeTarget "QuartettUITests" */;
			buildPhases = (
				A9AB70251FF27EE0009A4695 /* Sources */,
				A9AB70261FF27EE0009A4695 /* Frameworks */,
				A9AB70271FF27EE0009A4695 /* Resources */,
			);
			buildRules = (
			);
			dependencies = (
				A9AB702B1FF27EE0009A4695 /* PBXTargetDependency */,
			);
			name = QuartettUITests;
			productName = QuartettUITests;
			productReference = A9AB70291FF27EE0009A4695 /* QuartettUITests.xctest */;
			productType = "com.apple.product-type.bundle.ui-testing";
		};
/* End PBXNativeTarget section */

/* Begin PBXProject section */
		A9AB6FFC1FF27EDF009A4695 /* Project object */ = {
			isa = PBXProject;
			attributes = {
				LastSwiftUpdateCheck = 0920;
				LastUpgradeCheck = 0920;
				ORGANIZATIONNAME = "Mobile Application Lab";
				TargetAttributes = {
					A9AB70031FF27EE0009A4695 = {
						CreatedOnToolsVersion = 9.2;
						ProvisioningStyle = Automatic;
					};
					A9AB701D1FF27EE0009A4695 = {
						CreatedOnToolsVersion = 9.2;
						ProvisioningStyle = Automatic;
						TestTargetID = A9AB70031FF27EE0009A4695;
					};
					A9AB70281FF27EE0009A4695 = {
						CreatedOnToolsVersion = 9.2;
						ProvisioningStyle = Automatic;
						TestTargetID = A9AB70031FF27EE0009A4695;
					};
				};
			};
			buildConfigurationList = A9AB6FFF1FF27EDF009A4695 /* Build configuration list for PBXProject "Quartett" */;
			compatibilityVersion = "Xcode 8.0";
			developmentRegion = en;
			hasScannedForEncodings = 0;
			knownRegions = (
				en,
				Base,
			);
			mainGroup = A9AB6FFB1FF27EDF009A4695;
			productRefGroup = A9AB70051FF27EE0009A4695 /* Products */;
			projectDirPath = "";
			projectRoot = "";
			targets = (
				A9AB70031FF27EE0009A4695 /* Quartett */,
				A9AB701D1FF27EE0009A4695 /* QuartettTests */,
				A9AB70281FF27EE0009A4695 /* QuartettUITests */,
			);
		};
/* End PBXProject section */

/* Begin PBXResourcesBuildPhase section */
		A9AB70021FF27EE0009A4695 /* Resources */ = {
			isa = PBXResourcesBuildPhase;
			buildActionMask = 2147483647;
			files = (
				A9AB70131FF27EE0009A4695 /* Main.storyboard in Resources */,
				A905F55B1FF50C870017B06F /* GameSettingsScene.sks in Resources */,
				A9AB70671FF2C160009A4695 /* CardSetOverviewDetailScene.sks in Resources */,
				A9AB70561FF2822E009A4695 /* tuning.json in Resources */,
				A9AB70611FF2BC73009A4695 /* CardSetOverviewScene.sks in Resources */,
				A9AB700A1FF27EE0009A4695 /* GameScene.sks in Resources */,
				A9AB70151FF27EE0009A4695 /* Assets.xcassets in Resources */,
				A9AB70631FF2BEB4009A4695 /* bikes.json in Resources */,
				A9AB70181FF27EE0009A4695 /* LaunchScreen.storyboard in Resources */,
				A9AB703E1FF27F50009A4695 /* MainMenuScene.sks in Resources */,
				A9AB700C1FF27EE0009A4695 /* Actions.sks in Resources */,
			);
			runOnlyForDeploymentPostprocessing = 0;
		};
		A9AB701C1FF27EE0009A4695 /* Resources */ = {
			isa = PBXResourcesBuildPhase;
			buildActionMask = 2147483647;
			files = (
			);
			runOnlyForDeploymentPostprocessing = 0;
		};
		A9AB70271FF27EE0009A4695 /* Resources */ = {
			isa = PBXResourcesBuildPhase;
			buildActionMask = 2147483647;
			files = (
			);
			runOnlyForDeploymentPostprocessing = 0;
		};
/* End PBXResourcesBuildPhase section */

/* Begin PBXSourcesBuildPhase section */
		A9AB70001FF27EE0009A4695 /* Sources */ = {
			isa = PBXSourcesBuildPhase;
			buildActionMask = 2147483647;
			files = (
				A9EE91131FF698CF00057B07 /* Player.swift in Sources */,
				A9AB705F1FF2BC07009A4695 /* CardSetOverviewScene.swift in Sources */,
				A9AB70441FF280DE009A4695 /* Image.swift in Sources */,
				A9AB70501FF281DA009A4695 /* Result.swift in Sources */,
				A9AB700E1FF27EE0009A4695 /* GameScene.swift in Sources */,
				A96B659C1FFD1E78002D7D18 /* Constants.swift in Sources */,
				A96591D91FFB9E44001116E7 /* CardCompareNode.swift in Sources */,
				A9AB704E1FF281C7009A4695 /* Rounds.swift in Sources */,
				A9AB705D1FF299B6009A4695 /* SpriteKit-Spring.swift in Sources */,
				A9AB704C1FF281B2009A4695 /* GameSettings.swift in Sources */,
				A96B65951FFD0E91002D7D18 /* CardNode.swift in Sources */,
				A96591DD1FFC19A2001116E7 /* GroupActionNode.swift in Sources */,
				A932C2FB1FFDBE0E0066B7D9 /* CardDelegate.swift in Sources */,
				A96591E11FFC40F3001116E7 /* Game.swift in Sources */,
				A9AB704A1FF28199009A4695 /* Description.swift in Sources */,
				A9AB70421FF28084009A4695 /* Card.swift in Sources */,
				A96B65971FFD1D15002D7D18 /* GamePointsNode.swift in Sources */,
				7AE5A89F1FF6B78400104C2A /* CardSetOverviewDetailScene.swift in Sources */,
				A9AB70101FF27EE0009A4695 /* GameViewController.swift in Sources */,
				A9AB70401FF28060009A4695 /* Value.swift in Sources */,
				A9EE91191FF69B6300057B07 /* Statistic.swift in Sources */,
				A905F5521FF440A70017B06F /* CardSets.swift in Sources */,
				A9AB703C1FF27F10009A4695 /* MainMenuScene.swift in Sources */,
				A905F55D1FF50C9D0017B06F /* GameSettingsScene.swift in Sources */,
				A9AB70461FF280FD009A4695 /* CardSet.swift in Sources */,
				A9EE91151FF6992200057B07 /* AI.swift in Sources */,
				A9AB705B1FF28EA8009A4695 /* ActionNode.swift in Sources */,
				A9AB70481FF28188009A4695 /* Property.swift in Sources */,
				A9AB70081FF27EE0009A4695 /* AppDelegate.swift in Sources */,
				A9EE91171FF69B3D00057B07 /* Statistics.swift in Sources */,
			);
			runOnlyForDeploymentPostprocessing = 0;
		};
		A9AB701A1FF27EE0009A4695 /* Sources */ = {
			isa = PBXSourcesBuildPhase;
			buildActionMask = 2147483647;
			files = (
				A9AB70231FF27EE0009A4695 /* QuartettTests.swift in Sources */,
			);
			runOnlyForDeploymentPostprocessing = 0;
		};
		A9AB70251FF27EE0009A4695 /* Sources */ = {
			isa = PBXSourcesBuildPhase;
			buildActionMask = 2147483647;
			files = (
				A9AB702E1FF27EE0009A4695 /* QuartettUITests.swift in Sources */,
			);
			runOnlyForDeploymentPostprocessing = 0;
		};
/* End PBXSourcesBuildPhase section */

/* Begin PBXTargetDependency section */
		A9AB70201FF27EE0009A4695 /* PBXTargetDependency */ = {
			isa = PBXTargetDependency;
			target = A9AB70031FF27EE0009A4695 /* Quartett */;
			targetProxy = A9AB701F1FF27EE0009A4695 /* PBXContainerItemProxy */;
		};
		A9AB702B1FF27EE0009A4695 /* PBXTargetDependency */ = {
			isa = PBXTargetDependency;
			target = A9AB70031FF27EE0009A4695 /* Quartett */;
			targetProxy = A9AB702A1FF27EE0009A4695 /* PBXContainerItemProxy */;
		};
/* End PBXTargetDependency section */

/* Begin PBXVariantGroup section */
		A9AB70111FF27EE0009A4695 /* Main.storyboard */ = {
			isa = PBXVariantGroup;
			children = (
				A9AB70121FF27EE0009A4695 /* Base */,
			);
			name = Main.storyboard;
			sourceTree = "<group>";
		};
		A9AB70161FF27EE0009A4695 /* LaunchScreen.storyboard */ = {
			isa = PBXVariantGroup;
			children = (
				A9AB70171FF27EE0009A4695 /* Base */,
			);
			name = LaunchScreen.storyboard;
			sourceTree = "<group>";
		};
/* End PBXVariantGroup section */

/* Begin XCBuildConfiguration section */
		A9AB70301FF27EE0009A4695 /* Debug */ = {
			isa = XCBuildConfiguration;
			buildSettings = {
				ALWAYS_SEARCH_USER_PATHS = NO;
				CLANG_ANALYZER_NONNULL = YES;
				CLANG_ANALYZER_NUMBER_OBJECT_CONVERSION = YES_AGGRESSIVE;
				CLANG_CXX_LANGUAGE_STANDARD = "gnu++14";
				CLANG_CXX_LIBRARY = "libc++";
				CLANG_ENABLE_MODULES = YES;
				CLANG_ENABLE_OBJC_ARC = YES;
				CLANG_WARN_BLOCK_CAPTURE_AUTORELEASING = YES;
				CLANG_WARN_BOOL_CONVERSION = YES;
				CLANG_WARN_COMMA = YES;
				CLANG_WARN_CONSTANT_CONVERSION = YES;
				CLANG_WARN_DIRECT_OBJC_ISA_USAGE = YES_ERROR;
				CLANG_WARN_DOCUMENTATION_COMMENTS = YES;
				CLANG_WARN_EMPTY_BODY = YES;
				CLANG_WARN_ENUM_CONVERSION = YES;
				CLANG_WARN_INFINITE_RECURSION = YES;
				CLANG_WARN_INT_CONVERSION = YES;
				CLANG_WARN_NON_LITERAL_NULL_CONVERSION = YES;
				CLANG_WARN_OBJC_LITERAL_CONVERSION = YES;
				CLANG_WARN_OBJC_ROOT_CLASS = YES_ERROR;
				CLANG_WARN_RANGE_LOOP_ANALYSIS = YES;
				CLANG_WARN_STRICT_PROTOTYPES = YES;
				CLANG_WARN_SUSPICIOUS_MOVE = YES;
				CLANG_WARN_UNGUARDED_AVAILABILITY = YES_AGGRESSIVE;
				CLANG_WARN_UNREACHABLE_CODE = YES;
				CLANG_WARN__DUPLICATE_METHOD_MATCH = YES;
				CODE_SIGN_IDENTITY = "iPhone Developer";
				COPY_PHASE_STRIP = NO;
				DEBUG_INFORMATION_FORMAT = dwarf;
				ENABLE_STRICT_OBJC_MSGSEND = YES;
				ENABLE_TESTABILITY = YES;
				GCC_C_LANGUAGE_STANDARD = gnu11;
				GCC_DYNAMIC_NO_PIC = NO;
				GCC_NO_COMMON_BLOCKS = YES;
				GCC_OPTIMIZATION_LEVEL = 0;
				GCC_PREPROCESSOR_DEFINITIONS = (
					"DEBUG=1",
					"$(inherited)",
				);
				GCC_WARN_64_TO_32_BIT_CONVERSION = YES;
				GCC_WARN_ABOUT_RETURN_TYPE = YES_ERROR;
				GCC_WARN_UNDECLARED_SELECTOR = YES;
				GCC_WARN_UNINITIALIZED_AUTOS = YES_AGGRESSIVE;
				GCC_WARN_UNUSED_FUNCTION = YES;
				GCC_WARN_UNUSED_VARIABLE = YES;
				IPHONEOS_DEPLOYMENT_TARGET = 11.2;
				MTL_ENABLE_DEBUG_INFO = YES;
				ONLY_ACTIVE_ARCH = YES;
				SDKROOT = iphoneos;
				SWIFT_ACTIVE_COMPILATION_CONDITIONS = DEBUG;
				SWIFT_OPTIMIZATION_LEVEL = "-Onone";
			};
			name = Debug;
		};
		A9AB70311FF27EE0009A4695 /* Release */ = {
			isa = XCBuildConfiguration;
			buildSettings = {
				ALWAYS_SEARCH_USER_PATHS = NO;
				CLANG_ANALYZER_NONNULL = YES;
				CLANG_ANALYZER_NUMBER_OBJECT_CONVERSION = YES_AGGRESSIVE;
				CLANG_CXX_LANGUAGE_STANDARD = "gnu++14";
				CLANG_CXX_LIBRARY = "libc++";
				CLANG_ENABLE_MODULES = YES;
				CLANG_ENABLE_OBJC_ARC = YES;
				CLANG_WARN_BLOCK_CAPTURE_AUTORELEASING = YES;
				CLANG_WARN_BOOL_CONVERSION = YES;
				CLANG_WARN_COMMA = YES;
				CLANG_WARN_CONSTANT_CONVERSION = YES;
				CLANG_WARN_DIRECT_OBJC_ISA_USAGE = YES_ERROR;
				CLANG_WARN_DOCUMENTATION_COMMENTS = YES;
				CLANG_WARN_EMPTY_BODY = YES;
				CLANG_WARN_ENUM_CONVERSION = YES;
				CLANG_WARN_INFINITE_RECURSION = YES;
				CLANG_WARN_INT_CONVERSION = YES;
				CLANG_WARN_NON_LITERAL_NULL_CONVERSION = YES;
				CLANG_WARN_OBJC_LITERAL_CONVERSION = YES;
				CLANG_WARN_OBJC_ROOT_CLASS = YES_ERROR;
				CLANG_WARN_RANGE_LOOP_ANALYSIS = YES;
				CLANG_WARN_STRICT_PROTOTYPES = YES;
				CLANG_WARN_SUSPICIOUS_MOVE = YES;
				CLANG_WARN_UNGUARDED_AVAILABILITY = YES_AGGRESSIVE;
				CLANG_WARN_UNREACHABLE_CODE = YES;
				CLANG_WARN__DUPLICATE_METHOD_MATCH = YES;
				CODE_SIGN_IDENTITY = "iPhone Developer";
				COPY_PHASE_STRIP = NO;
				DEBUG_INFORMATION_FORMAT = "dwarf-with-dsym";
				ENABLE_NS_ASSERTIONS = NO;
				ENABLE_STRICT_OBJC_MSGSEND = YES;
				GCC_C_LANGUAGE_STANDARD = gnu11;
				GCC_NO_COMMON_BLOCKS = YES;
				GCC_WARN_64_TO_32_BIT_CONVERSION = YES;
				GCC_WARN_ABOUT_RETURN_TYPE = YES_ERROR;
				GCC_WARN_UNDECLARED_SELECTOR = YES;
				GCC_WARN_UNINITIALIZED_AUTOS = YES_AGGRESSIVE;
				GCC_WARN_UNUSED_FUNCTION = YES;
				GCC_WARN_UNUSED_VARIABLE = YES;
				IPHONEOS_DEPLOYMENT_TARGET = 11.2;
				MTL_ENABLE_DEBUG_INFO = NO;
				SDKROOT = iphoneos;
				SWIFT_OPTIMIZATION_LEVEL = "-Owholemodule";
				VALIDATE_PRODUCT = YES;
			};
			name = Release;
		};
		A9AB70331FF27EE0009A4695 /* Debug */ = {
			isa = XCBuildConfiguration;
			buildSettings = {
				ASSETCATALOG_COMPILER_APPICON_NAME = AppIcon;
				CODE_SIGN_STYLE = Automatic;
				DEVELOPMENT_TEAM = F6A9YCMBHM;
				INFOPLIST_FILE = Quartett/Info.plist;
				IPHONEOS_DEPLOYMENT_TARGET = 11.2;
				LD_RUNPATH_SEARCH_PATHS = "$(inherited) @executable_path/Frameworks";
				PRODUCT_BUNDLE_IDENTIFIER = "de.uni-ulm.puja.Quartett";
				PRODUCT_NAME = "$(TARGET_NAME)";
				SWIFT_VERSION = 4.0;
				TARGETED_DEVICE_FAMILY = 1;
			};
			name = Debug;
		};
		A9AB70341FF27EE0009A4695 /* Release */ = {
			isa = XCBuildConfiguration;
			buildSettings = {
				ASSETCATALOG_COMPILER_APPICON_NAME = AppIcon;
				CODE_SIGN_STYLE = Automatic;
				DEVELOPMENT_TEAM = F6A9YCMBHM;
				INFOPLIST_FILE = Quartett/Info.plist;
				IPHONEOS_DEPLOYMENT_TARGET = 11.2;
				LD_RUNPATH_SEARCH_PATHS = "$(inherited) @executable_path/Frameworks";
				PRODUCT_BUNDLE_IDENTIFIER = "de.uni-ulm.puja.Quartett";
				PRODUCT_NAME = "$(TARGET_NAME)";
				SWIFT_VERSION = 4.0;
				TARGETED_DEVICE_FAMILY = 1;
			};
			name = Release;
		};
		A9AB70361FF27EE0009A4695 /* Debug */ = {
			isa = XCBuildConfiguration;
			buildSettings = {
				ALWAYS_EMBED_SWIFT_STANDARD_LIBRARIES = YES;
				BUNDLE_LOADER = "$(TEST_HOST)";
				CODE_SIGN_STYLE = Automatic;
				DEVELOPMENT_TEAM = F6A9YCMBHM;
				INFOPLIST_FILE = QuartettTests/Info.plist;
				IPHONEOS_DEPLOYMENT_TARGET = 11.1;
				LD_RUNPATH_SEARCH_PATHS = "$(inherited) @executable_path/Frameworks @loader_path/Frameworks";
				PRODUCT_BUNDLE_IDENTIFIER = "de.uni-ulm.QuartettTests";
				PRODUCT_NAME = "$(TARGET_NAME)";
				SWIFT_VERSION = 4.0;
				TARGETED_DEVICE_FAMILY = "1,2";
				TEST_HOST = "$(BUILT_PRODUCTS_DIR)/Quartett.app/Quartett";
			};
			name = Debug;
		};
		A9AB70371FF27EE0009A4695 /* Release */ = {
			isa = XCBuildConfiguration;
			buildSettings = {
				ALWAYS_EMBED_SWIFT_STANDARD_LIBRARIES = YES;
				BUNDLE_LOADER = "$(TEST_HOST)";
				CODE_SIGN_STYLE = Automatic;
				DEVELOPMENT_TEAM = F6A9YCMBHM;
				INFOPLIST_FILE = QuartettTests/Info.plist;
				IPHONEOS_DEPLOYMENT_TARGET = 11.1;
				LD_RUNPATH_SEARCH_PATHS = "$(inherited) @executable_path/Frameworks @loader_path/Frameworks";
				PRODUCT_BUNDLE_IDENTIFIER = "de.uni-ulm.QuartettTests";
				PRODUCT_NAME = "$(TARGET_NAME)";
				SWIFT_VERSION = 4.0;
				TARGETED_DEVICE_FAMILY = "1,2";
				TEST_HOST = "$(BUILT_PRODUCTS_DIR)/Quartett.app/Quartett";
			};
			name = Release;
		};
		A9AB70391FF27EE0009A4695 /* Debug */ = {
			isa = XCBuildConfiguration;
			buildSettings = {
				ALWAYS_EMBED_SWIFT_STANDARD_LIBRARIES = YES;
				CODE_SIGN_STYLE = Automatic;
				DEVELOPMENT_TEAM = F6A9YCMBHM;
				INFOPLIST_FILE = QuartettUITests/Info.plist;
				IPHONEOS_DEPLOYMENT_TARGET = 11.1;
				LD_RUNPATH_SEARCH_PATHS = "$(inherited) @executable_path/Frameworks @loader_path/Frameworks";
				PRODUCT_BUNDLE_IDENTIFIER = "de.uni-ulm.QuartettUITests";
				PRODUCT_NAME = "$(TARGET_NAME)";
				SWIFT_VERSION = 4.0;
				TARGETED_DEVICE_FAMILY = "1,2";
				TEST_TARGET_NAME = Quartett;
			};
			name = Debug;
		};
		A9AB703A1FF27EE0009A4695 /* Release */ = {
			isa = XCBuildConfiguration;
			buildSettings = {
				ALWAYS_EMBED_SWIFT_STANDARD_LIBRARIES = YES;
				CODE_SIGN_STYLE = Automatic;
				DEVELOPMENT_TEAM = F6A9YCMBHM;
				INFOPLIST_FILE = QuartettUITests/Info.plist;
				IPHONEOS_DEPLOYMENT_TARGET = 11.1;
				LD_RUNPATH_SEARCH_PATHS = "$(inherited) @executable_path/Frameworks @loader_path/Frameworks";
				PRODUCT_BUNDLE_IDENTIFIER = "de.uni-ulm.QuartettUITests";
				PRODUCT_NAME = "$(TARGET_NAME)";
				SWIFT_VERSION = 4.0;
				TARGETED_DEVICE_FAMILY = "1,2";
				TEST_TARGET_NAME = Quartett;
			};
			name = Release;
		};
/* End XCBuildConfiguration section */

/* Begin XCConfigurationList section */
		A9AB6FFF1FF27EDF009A4695 /* Build configuration list for PBXProject "Quartett" */ = {
			isa = XCConfigurationList;
			buildConfigurations = (
				A9AB70301FF27EE0009A4695 /* Debug */,
				A9AB70311FF27EE0009A4695 /* Release */,
			);
			defaultConfigurationIsVisible = 0;
			defaultConfigurationName = Release;
		};
		A9AB70321FF27EE0009A4695 /* Build configuration list for PBXNativeTarget "Quartett" */ = {
			isa = XCConfigurationList;
			buildConfigurations = (
				A9AB70331FF27EE0009A4695 /* Debug */,
				A9AB70341FF27EE0009A4695 /* Release */,
			);
			defaultConfigurationIsVisible = 0;
			defaultConfigurationName = Release;
		};
		A9AB70351FF27EE0009A4695 /* Build configuration list for PBXNativeTarget "QuartettTests" */ = {
			isa = XCConfigurationList;
			buildConfigurations = (
				A9AB70361FF27EE0009A4695 /* Debug */,
				A9AB70371FF27EE0009A4695 /* Release */,
			);
			defaultConfigurationIsVisible = 0;
			defaultConfigurationName = Release;
		};
		A9AB70381FF27EE0009A4695 /* Build configuration list for PBXNativeTarget "QuartettUITests" */ = {
			isa = XCConfigurationList;
			buildConfigurations = (
				A9AB70391FF27EE0009A4695 /* Debug */,
				A9AB703A1FF27EE0009A4695 /* Release */,
			);
			defaultConfigurationIsVisible = 0;
			defaultConfigurationName = Release;
		};
/* End XCConfigurationList section */
	};
	rootObject = A9AB6FFC1FF27EDF009A4695 /* Project object */;
}
